
Microsoft Visual Studio Solution File, Format Version 12.00
# Visual Studio 14
VisualStudioVersion = 14.0.25123.0
MinimumVisualStudioVersion = 10.0.40219.1
Project("{FAE04EC0-301F-11D3-BF4B-00C04F79EFBC}") = "Gestion_Reservation", "Gestion_Reservation\Gestion_Reservation.csproj", "{9F099D9A-B7C5-4AAA-AED0-F299AD01C20E}"
EndProject
Global
	GlobalSection(SolutionConfigurationPlatforms) = preSolution
		Debug|Any CPU = Debug|Any CPU
		Release|Any CPU = Release|Any CPU
	EndGlobalSection
	GlobalSection(ProjectConfigurationPlatforms) = postSolution
		{9F099D9A-B7C5-4AAA-AED0-F299AD01C20E}.Debug|Any CPU.ActiveCfg = Debug|Any CPU
		{9F099D9A-B7C5-4AAA-AED0-F299AD01C20E}.Debug|Any CPU.Build.0 = Debug|Any CPU
		{9F099D9A-B7C5-4AAA-AED0-F299AD01C20E}.Release|Any CPU.ActiveCfg = Release|Any CPU
		{9F099D9A-B7C5-4AAA-AED0-F299AD01C20E}.Release|Any CPU.Build.0 = Release|Any CPU
	EndGlobalSection
	GlobalSection(SolutionProperties) = preSolution
		HideSolutionNode = FALSE
	EndGlobalSection
EndGlobal
